
Microsoft Visual Studio Solution File, Format Version 12.00
# Visual Studio Version 16
VisualStudioVersion = 16.0.29025.244
MinimumVisualStudioVersion = 10.0.40219.1
Project("{2150E333-8FDC-42A3-9474-1A3956D46DE8}") = "Domain", "Domain", "{DDCA4293-98CE-47D7-A9A3-829672ACB7F6}"
EndProject
Project("{2150E333-8FDC-42A3-9474-1A3956D46DE8}") = "Infras.Bus", "Infras.Bus", "{D718AC3D-7E08-4291-8F54-F2A1F32716E4}"
EndProject
Project("{2150E333-8FDC-42A3-9474-1A3956D46DE8}") = "Infras.IoC", "Infras.IoC", "{60945287-7D25-4122-B087-968489E2AC99}"
EndProject
Project("{2150E333-8FDC-42A3-9474-1A3956D46DE8}") = "Microservices", "Microservices", "{E7E14F43-80D6-4A89-898D-E5BEEF036F2B}"
EndProject
Project("{2150E333-8FDC-42A3-9474-1A3956D46DE8}") = "Presentation", "Presentation", "{AC32AEC7-6DC1-44CF-8E21-7F53D3E501F4}"
EndProject
Project("{FAE04EC0-301F-11D3-BF4B-00C04F79EFBC}") = "MicoRabbit.Domain.Core", "MicoRabbit.Domain.Core\MicoRabbit.Domain.Core.csproj", "{F5615411-48AD-4D85-8991-D839B5BDEBBF}"
EndProject
Project("{FAE04EC0-301F-11D3-BF4B-00C04F79EFBC}") = "MicroRabbit.Infra.Bus", "MicroRabbit.Infra.Bus\MicroRabbit.Infra.Bus.csproj", "{71C41009-C44E-4FF4-9A9A-1BE47F96B93A}"
EndProject
Project("{FAE04EC0-301F-11D3-BF4B-00C04F79EFBC}") = "MicroRabbit.Infra.IoC", "MicroRabbit.Infra.IoC\MicroRabbit.Infra.IoC.csproj", "{6DC77A5A-7E9D-4879-8B34-990DFA07340B}"
EndProject
Project("{2150E333-8FDC-42A3-9474-1A3956D46DE8}") = "Banking", "Banking", "{6EC29F4A-F7EC-4FDE-9755-1AB28B9FA98B}"
EndProject
Project("{2150E333-8FDC-42A3-9474-1A3956D46DE8}") = "API", "API", "{F4AD57CD-BE7C-403B-8537-794CA1BEE1CD}"
EndProject
Project("{2150E333-8FDC-42A3-9474-1A3956D46DE8}") = "Application", "Application", "{8B537B51-6F5C-4AED-BEEF-5DF5F29630BF}"
EndProject
Project("{2150E333-8FDC-42A3-9474-1A3956D46DE8}") = "Data", "Data", "{21D5E61B-FA03-4B79-AD49-B0E9A9E0FA77}"
EndProject
Project("{2150E333-8FDC-42A3-9474-1A3956D46DE8}") = "Domain", "Domain", "{CD9D18E4-ABB5-44B7-9495-6D0C1C97C7F0}"
EndProject
Project("{FAE04EC0-301F-11D3-BF4B-00C04F79EFBC}") = "MicroRabbit.Banking.Api", "MicroRabbit.Banking.Api\MicroRabbit.Banking.Api.csproj", "{BDBDA0B9-7BCB-4CC2-A483-E086D0D16E8D}"
EndProject
Project("{FAE04EC0-301F-11D3-BF4B-00C04F79EFBC}") = "MicroRabbit.Banking.Application", "MicroRabbit.Banking.Application\MicroRabbit.Banking.Application.csproj", "{C8526402-D77C-4319-B302-75390BC0F5EA}"
EndProject
Project("{FAE04EC0-301F-11D3-BF4B-00C04F79EFBC}") = "MicroRabbit.Banking.Data", "MicroRabbit.Banking.Data\MicroRabbit.Banking.Data.csproj", "{DC3AE80A-40AE-4EA8-A1C9-51EE91EC39DC}"
EndProject
Project("{FAE04EC0-301F-11D3-BF4B-00C04F79EFBC}") = "MicroRabbit.Baking.Domain", "MicroRabbit.Baking.Domain\MicroRabbit.Baking.Domain.csproj", "{BD65DE93-EB90-45A3-816C-4B0CCA1B7C45}"
EndProject
Global
	GlobalSection(SolutionConfigurationPlatforms) = preSolution
		Debug|Any CPU = Debug|Any CPU
		Release|Any CPU = Release|Any CPU
	EndGlobalSection
	GlobalSection(ProjectConfigurationPlatforms) = postSolution
		{F5615411-48AD-4D85-8991-D839B5BDEBBF}.Debug|Any CPU.ActiveCfg = Debug|Any CPU
		{F5615411-48AD-4D85-8991-D839B5BDEBBF}.Debug|Any CPU.Build.0 = Debug|Any CPU
		{F5615411-48AD-4D85-8991-D839B5BDEBBF}.Release|Any CPU.ActiveCfg = Release|Any CPU
		{F5615411-48AD-4D85-8991-D839B5BDEBBF}.Release|Any CPU.Build.0 = Release|Any CPU
		{71C41009-C44E-4FF4-9A9A-1BE47F96B93A}.Debug|Any CPU.ActiveCfg = Debug|Any CPU
		{71C41009-C44E-4FF4-9A9A-1BE47F96B93A}.Debug|Any CPU.Build.0 = Debug|Any CPU
		{71C41009-C44E-4FF4-9A9A-1BE47F96B93A}.Release|Any CPU.ActiveCfg = Release|Any CPU
		{71C41009-C44E-4FF4-9A9A-1BE47F96B93A}.Release|Any CPU.Build.0 = Release|Any CPU
		{6DC77A5A-7E9D-4879-8B34-990DFA07340B}.Debug|Any CPU.ActiveCfg = Debug|Any CPU
		{6DC77A5A-7E9D-4879-8B34-990DFA07340B}.Debug|Any CPU.Build.0 = Debug|Any CPU
		{6DC77A5A-7E9D-4879-8B34-990DFA07340B}.Release|Any CPU.ActiveCfg = Release|Any CPU
		{6DC77A5A-7E9D-4879-8B34-990DFA07340B}.Release|Any CPU.Build.0 = Release|Any CPU
		{BDBDA0B9-7BCB-4CC2-A483-E086D0D16E8D}.Debug|Any CPU.ActiveCfg = Debug|Any CPU
		{BDBDA0B9-7BCB-4CC2-A483-E086D0D16E8D}.Debug|Any CPU.Build.0 = Debug|Any CPU
		{BDBDA0B9-7BCB-4CC2-A483-E086D0D16E8D}.Release|Any CPU.ActiveCfg = Release|Any CPU
		{BDBDA0B9-7BCB-4CC2-A483-E086D0D16E8D}.Release|Any CPU.Build.0 = Release|Any CPU
		{C8526402-D77C-4319-B302-75390BC0F5EA}.Debug|Any CPU.ActiveCfg = Debug|Any CPU
		{C8526402-D77C-4319-B302-75390BC0F5EA}.Debug|Any CPU.Build.0 = Debug|Any CPU
		{C8526402-D77C-4319-B302-75390BC0F5EA}.Release|Any CPU.ActiveCfg = Release|Any CPU
		{C8526402-D77C-4319-B302-75390BC0F5EA}.Release|Any CPU.Build.0 = Release|Any CPU
		{DC3AE80A-40AE-4EA8-A1C9-51EE91EC39DC}.Debug|Any CPU.ActiveCfg = Debug|Any CPU
		{DC3AE80A-40AE-4EA8-A1C9-51EE91EC39DC}.Debug|Any CPU.Build.0 = Debug|Any CPU
		{DC3AE80A-40AE-4EA8-A1C9-51EE91EC39DC}.Release|Any CPU.ActiveCfg = Release|Any CPU
		{DC3AE80A-40AE-4EA8-A1C9-51EE91EC39DC}.Release|Any CPU.Build.0 = Release|Any CPU
		{BD65DE93-EB90-45A3-816C-4B0CCA1B7C45}.Debug|Any CPU.ActiveCfg = Debug|Any CPU
		{BD65DE93-EB90-45A3-816C-4B0CCA1B7C45}.Debug|Any CPU.Build.0 = Debug|Any CPU
		{BD65DE93-EB90-45A3-816C-4B0CCA1B7C45}.Release|Any CPU.ActiveCfg = Release|Any CPU
		{BD65DE93-EB90-45A3-816C-4B0CCA1B7C45}.Release|Any CPU.Build.0 = Release|Any CPU
	EndGlobalSection
	GlobalSection(SolutionProperties) = preSolution
		HideSolutionNode = FALSE
	EndGlobalSection
	GlobalSection(NestedProjects) = preSolution
		{F5615411-48AD-4D85-8991-D839B5BDEBBF} = {DDCA4293-98CE-47D7-A9A3-829672ACB7F6}
		{71C41009-C44E-4FF4-9A9A-1BE47F96B93A} = {D718AC3D-7E08-4291-8F54-F2A1F32716E4}
		{6DC77A5A-7E9D-4879-8B34-990DFA07340B} = {60945287-7D25-4122-B087-968489E2AC99}
		{6EC29F4A-F7EC-4FDE-9755-1AB28B9FA98B} = {E7E14F43-80D6-4A89-898D-E5BEEF036F2B}
		{F4AD57CD-BE7C-403B-8537-794CA1BEE1CD} = {6EC29F4A-F7EC-4FDE-9755-1AB28B9FA98B}
		{8B537B51-6F5C-4AED-BEEF-5DF5F29630BF} = {6EC29F4A-F7EC-4FDE-9755-1AB28B9FA98B}
		{21D5E61B-FA03-4B79-AD49-B0E9A9E0FA77} = {6EC29F4A-F7EC-4FDE-9755-1AB28B9FA98B}
		{CD9D18E4-ABB5-44B7-9495-6D0C1C97C7F0} = {6EC29F4A-F7EC-4FDE-9755-1AB28B9FA98B}
		{BDBDA0B9-7BCB-4CC2-A483-E086D0D16E8D} = {F4AD57CD-BE7C-403B-8537-794CA1BEE1CD}
		{C8526402-D77C-4319-B302-75390BC0F5EA} = {8B537B51-6F5C-4AED-BEEF-5DF5F29630BF}
		{DC3AE80A-40AE-4EA8-A1C9-51EE91EC39DC} = {21D5E61B-FA03-4B79-AD49-B0E9A9E0FA77}
		{BD65DE93-EB90-45A3-816C-4B0CCA1B7C45} = {CD9D18E4-ABB5-44B7-9495-6D0C1C97C7F0}
	EndGlobalSection
	GlobalSection(ExtensibilityGlobals) = postSolution
		SolutionGuid = {169A6F7B-868F-4D8A-A584-D16704EDC3BA}
	EndGlobalSection
EndGlobal
